{
  "name": "twitter_bot",
  "version": "1.0.0",
  "lockfileVersion": 2,
  "requires": true,
  "packages": {
    "": {
      "name": "twitter_bot",
      "version": "1.0.0",
      "license": "ISC",
      "dependencies": {
        "cron": "^2.1.0",
        "pdf-parse": "^1.1.1",
        "twitter-api-v2": "^1.12.10"
      }
    },
    "node_modules/cron": {
      "version": "2.1.0",
      "resolved": "https://registry.npmjs.org/cron/-/cron-2.1.0.tgz",
      "integrity": "sha512-Hq7u3P8y7UWYvsZbSKHHJDVG0VO9O7tp2qljxzTScelcTODBfCme8AIhnZsFwmQ9NchZ3hr2uNr+s3DSms7q6w==",
      "dependencies": {
        "luxon": "^1.23.x"
      }
    },
    "node_modules/debug": {
      "version": "3.2.7",
      "resolved": "https://registry.npmjs.org/debug/-/debug-3.2.7.tgz",
      "integrity": "sha512-CFjzYYAi4ThfiQvizrFQevTTXHtnCqWfe7x1AhgEscTz6ZbLbfoLRLPugTQyBth6f8ZERVUSyWHFD/7Wu4t1XQ==",
      "dependencies": {
        "ms": "^2.1.1"
      }
    },
    "node_modules/luxon": {
      "version": "1.28.0",
      "resolved": "https://registry.npmjs.org/luxon/-/luxon-1.28.0.tgz",
      "integrity": "sha512-TfTiyvZhwBYM/7QdAVDh+7dBTBA29v4ik0Ce9zda3Mnf8on1S5KJI8P2jKFZ8+5C0jhmr0KwJEO/Wdpm0VeWJQ==",
      "engines": {
        "node": "*"
      }
    },
    "node_modules/ms": {
      "version": "2.1.3",
      "resolved": "https://registry.npmjs.org/ms/-/ms-2.1.3.tgz",
      "integrity": "sha512-6FlzubTLZG3J2a/NVCAleEhjzq5oxgHyaCU9yYXvcLsvoVaHJq/s5xXI6/XXP6tz7R9xAOtHnSO/tXtF3WRTlA=="
    },
    "node_modules/node-ensure": {
      "version": "0.0.0",
      "resolved": "https://registry.npmjs.org/node-ensure/-/node-ensure-0.0.0.tgz",
      "integrity": "sha512-DRI60hzo2oKN1ma0ckc6nQWlHU69RH6xN0sjQTjMpChPfTYvKZdcQFfdYK2RWbJcKyUizSIy/l8OTGxMAM1QDw=="
    },
    "node_modules/pdf-parse": {
      "version": "1.1.1",
      "resolved": "https://registry.npmjs.org/pdf-parse/-/pdf-parse-1.1.1.tgz",
      "integrity": "sha512-v6ZJ/efsBpGrGGknjtq9J/oC8tZWq0KWL5vQrk2GlzLEQPUDB1ex+13Rmidl1neNN358Jn9EHZw5y07FFtaC7A==",
      "dependencies": {
        "debug": "^3.1.0",
        "node-ensure": "^0.0.0"
      },
      "engines": {
        "node": ">=6.8.1"
      }
    },
    "node_modules/twitter-api-v2": {
      "version": "1.12.10",
      "resolved": "https://registry.npmjs.org/twitter-api-v2/-/twitter-api-v2-1.12.10.tgz",
      "integrity": "sha512-gLo4u3EZM8zt2CRZ5uJaWpGVoH1/xR0veF74E3K7WCQXUONoZVc0pbg6dGfoPBOmEXhS4QHGcgAMj1TRU+OSXA=="
    }
  },
  "dependencies": {
    "cron": {
      "version": "2.1.0",
      "resolved": "https://registry.npmjs.org/cron/-/cron-2.1.0.tgz",
      "integrity": "sha512-Hq7u3P8y7UWYvsZbSKHHJDVG0VO9O7tp2qljxzTScelcTODBfCme8AIhnZsFwmQ9NchZ3hr2uNr+s3DSms7q6w==",
      "requires": {
        "luxon": "^1.23.x"
      }
    },
    "debug": {
      "version": "3.2.7",
      "resolved": "https://registry.npmjs.org/debug/-/debug-3.2.7.tgz",
      "integrity": "sha512-CFjzYYAi4ThfiQvizrFQevTTXHtnCqWfe7x1AhgEscTz6ZbLbfoLRLPugTQyBth6f8ZERVUSyWHFD/7Wu4t1XQ==",
      "requires": {
        "ms": "^2.1.1"
      }
    },
    "luxon": {
      "version": "1.28.0",
      "resolved": "https://registry.npmjs.org/luxon/-/luxon-1.28.0.tgz",
      "integrity": "sha512-TfTiyvZhwBYM/7QdAVDh+7dBTBA29v4ik0Ce9zda3Mnf8on1S5KJI8P2jKFZ8+5C0jhmr0KwJEO/Wdpm0VeWJQ=="
    },
    "ms": {
      "version": "2.1.3",
      "resolved": "https://registry.npmjs.org/ms/-/ms-2.1.3.tgz",
      "integrity": "sha512-6FlzubTLZG3J2a/NVCAleEhjzq5oxgHyaCU9yYXvcLsvoVaHJq/s5xXI6/XXP6tz7R9xAOtHnSO/tXtF3WRTlA=="
    },
    "node-ensure": {
      "version": "0.0.0",
      "resolved": "https://registry.npmjs.org/node-ensure/-/node-ensure-0.0.0.tgz",
      "integrity": "sha512-DRI60hzo2oKN1ma0ckc6nQWlHU69RH6xN0sjQTjMpChPfTYvKZdcQFfdYK2RWbJcKyUizSIy/l8OTGxMAM1QDw=="
    },
    "pdf-parse": {
      "version": "1.1.1",
      "resolved": "https://registry.npmjs.org/pdf-parse/-/pdf-parse-1.1.1.tgz",
      "integrity": "sha512-v6ZJ/efsBpGrGGknjtq9J/oC8tZWq0KWL5vQrk2GlzLEQPUDB1ex+13Rmidl1neNN358Jn9EHZw5y07FFtaC7A==",
      "requires": {
        "debug": "^3.1.0",
        "node-ensure": "^0.0.0"
      }
    },
    "twitter-api-v2": {
      "version": "1.12.10",
      "resolved": "https://registry.npmjs.org/twitter-api-v2/-/twitter-api-v2-1.12.10.tgz",
      "integrity": "sha512-gLo4u3EZM8zt2CRZ5uJaWpGVoH1/xR0veF74E3K7WCQXUONoZVc0pbg6dGfoPBOmEXhS4QHGcgAMj1TRU+OSXA=="
    }
  }
}
